
Microsoft Visual Studio Solution File, Format Version 12.00
# Visual Studio Version 16
VisualStudioVersion = 16.0.28803.352
MinimumVisualStudioVersion = 10.0.40219.1
Project("{FAE04EC0-301F-11D3-BF4B-00C04F79EFBC}") = "Pig_Latin", "Pig_Latin.csproj", "{8B06A75E-73E7-4985-A796-B194B5991464}"
EndProject
Global
	GlobalSection(SolutionConfigurationPlatforms) = preSolution
		Debug|Any CPU = Debug|Any CPU
		Release|Any CPU = Release|Any CPU
	EndGlobalSection
	GlobalSection(ProjectConfigurationPlatforms) = postSolution
		{8B06A75E-73E7-4985-A796-B194B5991464}.Debug|Any CPU.ActiveCfg = Debug|Any CPU
		{8B06A75E-73E7-4985-A796-B194B5991464}.Debug|Any CPU.Build.0 = Debug|Any CPU
		{8B06A75E-73E7-4985-A796-B194B5991464}.Release|Any CPU.ActiveCfg = Release|Any CPU
		{8B06A75E-73E7-4985-A796-B194B5991464}.Release|Any CPU.Build.0 = Release|Any CPU
	EndGlobalSection
	GlobalSection(SolutionProperties) = preSolution
		HideSolutionNode = FALSE
	EndGlobalSection
	GlobalSection(ExtensibilityGlobals) = postSolution
		SolutionGuid = {643A77D6-371B-4E6B-A09A-1D6DEE5C12C1}
	EndGlobalSection
EndGlobal
